github.com/lib/pq v1.10.9 h1:YXG7RB+JIjhP29X+OtkiDnYaXQwpS4JEWq7dtCCRUEw=
github.com/lib/pq v1.10.9/go.mod h1:AlVN5x4E4T544tWzH6hKfbfQvm3HdbOxrmggDNAPY9o=
github.com/tencentcloud/tencentcloud-sdk-go/tencentcloud/common v1.0.989 h1:jqwrVW8ZkPSAsGnpF9lLotmrkNunbC0cKrrTZRPksFY=
github.com/tencentcloud/tencentcloud-sdk-go/tencentcloud/common v1.0.989/go.mod h1:r5r4xbfxSaeR04b166HGsBa/R4U3SueirEUpXGuw+Q0=
github.com/tencentcloud/tencentcloud-sdk-go/tencentcloud/dnspod v1.0.989 h1:EK4u1YQBGhgvZU0DeJEGX1oWEP/Gigq7sEwLdZBZLyA=
github.com/tencentcloud/tencentcloud-sdk-go/tencentcloud/dnspod v1.0.989/go.mod h1:pPFLkcTX4Z+Exqd6dAQueimkvniIHzqUvvaf6o9uaa8=
